
Microsoft Visual Studio Solution File, Format Version 12.00
# Visual Studio Version 17
VisualStudioVersion = 17.0.31903.59
MinimumVisualStudioVersion = 10.0.40219.1
Project("{2150E333-8FDC-42A3-9474-1A3956D46DE8}") = "src", "src", "{827E0CD3-B72D-47B6-A68D-7590B98EB39B}"
EndProject
Project("{FAE04EC0-301F-11D3-BF4B-00C04F79EFBC}") = "TripNow.Core", "src\TripNow.Core\TripNow.Core.csproj", "{2259C357-8B22-4C3D-BC0F-F198F0C26267}"
EndProject
Project("{FAE04EC0-301F-11D3-BF4B-00C04F79EFBC}") = "TripNow.Application", "src\TripNow.Application\TripNow.Application.csproj", "{3B7F1B0D-7A42-40BC-8E5C-ADADDE6E98CA}"
EndProject
Project("{FAE04EC0-301F-11D3-BF4B-00C04F79EFBC}") = "TripNow.Infrastructure", "src\TripNow.Infrastructure\TripNow.Infrastructure.csproj", "{6E7B5F69-6D81-4831-8391-414618AAA727}"
EndProject
Project("{FAE04EC0-301F-11D3-BF4B-00C04F79EFBC}") = "TripNow.API", "src\TripNow.API\TripNow.API.csproj", "{14A73941-3E35-49A4-82C0-9803C7686FC6}"
EndProject
Global
	GlobalSection(SolutionConfigurationPlatforms) = preSolution
		Debug|Any CPU = Debug|Any CPU
		Debug|x64 = Debug|x64
		Debug|x86 = Debug|x86
		Release|Any CPU = Release|Any CPU
		Release|x64 = Release|x64
		Release|x86 = Release|x86
	EndGlobalSection
	GlobalSection(ProjectConfigurationPlatforms) = postSolution
		{2259C357-8B22-4C3D-BC0F-F198F0C26267}.Debug|Any CPU.ActiveCfg = Debug|Any CPU
		{2259C357-8B22-4C3D-BC0F-F198F0C26267}.Debug|Any CPU.Build.0 = Debug|Any CPU
		{2259C357-8B22-4C3D-BC0F-F198F0C26267}.Debug|x64.ActiveCfg = Debug|Any CPU
		{2259C357-8B22-4C3D-BC0F-F198F0C26267}.Debug|x64.Build.0 = Debug|Any CPU
		{2259C357-8B22-4C3D-BC0F-F198F0C26267}.Debug|x86.ActiveCfg = Debug|Any CPU
		{2259C357-8B22-4C3D-BC0F-F198F0C26267}.Debug|x86.Build.0 = Debug|Any CPU
		{2259C357-8B22-4C3D-BC0F-F198F0C26267}.Release|Any CPU.ActiveCfg = Release|Any CPU
		{2259C357-8B22-4C3D-BC0F-F198F0C26267}.Release|Any CPU.Build.0 = Release|Any CPU
		{2259C357-8B22-4C3D-BC0F-F198F0C26267}.Release|x64.ActiveCfg = Release|Any CPU
		{2259C357-8B22-4C3D-BC0F-F198F0C26267}.Release|x64.Build.0 = Release|Any CPU
		{2259C357-8B22-4C3D-BC0F-F198F0C26267}.Release|x86.ActiveCfg = Release|Any CPU
		{2259C357-8B22-4C3D-BC0F-F198F0C26267}.Release|x86.Build.0 = Release|Any CPU
		{3B7F1B0D-7A42-40BC-8E5C-ADADDE6E98CA}.Debug|Any CPU.ActiveCfg = Debug|Any CPU
		{3B7F1B0D-7A42-40BC-8E5C-ADADDE6E98CA}.Debug|Any CPU.Build.0 = Debug|Any CPU
		{3B7F1B0D-7A42-40BC-8E5C-ADADDE6E98CA}.Debug|x64.ActiveCfg = Debug|Any CPU
		{3B7F1B0D-7A42-40BC-8E5C-ADADDE6E98CA}.Debug|x64.Build.0 = Debug|Any CPU
		{3B7F1B0D-7A42-40BC-8E5C-ADADDE6E98CA}.Debug|x86.ActiveCfg = Debug|Any CPU
		{3B7F1B0D-7A42-40BC-8E5C-ADADDE6E98CA}.Debug|x86.Build.0 = Debug|Any CPU
		{3B7F1B0D-7A42-40BC-8E5C-ADADDE6E98CA}.Release|Any CPU.ActiveCfg = Release|Any CPU
		{3B7F1B0D-7A42-40BC-8E5C-ADADDE6E98CA}.Release|Any CPU.Build.0 = Release|Any CPU
		{3B7F1B0D-7A42-40BC-8E5C-ADADDE6E98CA}.Release|x64.ActiveCfg = Release|Any CPU
		{3B7F1B0D-7A42-40BC-8E5C-ADADDE6E98CA}.Release|x64.Build.0 = Release|Any CPU
		{3B7F1B0D-7A42-40BC-8E5C-ADADDE6E98CA}.Release|x86.ActiveCfg = Release|Any CPU
		{3B7F1B0D-7A42-40BC-8E5C-ADADDE6E98CA}.Release|x86.Build.0 = Release|Any CPU
		{6E7B5F69-6D81-4831-8391-414618AAA727}.Debug|Any CPU.ActiveCfg = Debug|Any CPU
		{6E7B5F69-6D81-4831-8391-414618AAA727}.Debug|Any CPU.Build.0 = Debug|Any CPU
		{6E7B5F69-6D81-4831-8391-414618AAA727}.Debug|x64.ActiveCfg = Debug|Any CPU
		{6E7B5F69-6D81-4831-8391-414618AAA727}.Debug|x64.Build.0 = Debug|Any CPU
		{6E7B5F69-6D81-4831-8391-414618AAA727}.Debug|x86.ActiveCfg = Debug|Any CPU
		{6E7B5F69-6D81-4831-8391-414618AAA727}.Debug|x86.Build.0 = Debug|Any CPU
		{6E7B5F69-6D81-4831-8391-414618AAA727}.Release|Any CPU.ActiveCfg = Release|Any CPU
		{6E7B5F69-6D81-4831-8391-414618AAA727}.Release|Any CPU.Build.0 = Release|Any CPU
		{6E7B5F69-6D81-4831-8391-414618AAA727}.Release|x64.ActiveCfg = Release|Any CPU
		{6E7B5F69-6D81-4831-8391-414618AAA727}.Release|x64.Build.0 = Release|Any CPU
		{6E7B5F69-6D81-4831-8391-414618AAA727}.Release|x86.ActiveCfg = Release|Any CPU
		{6E7B5F69-6D81-4831-8391-414618AAA727}.Release|x86.Build.0 = Release|Any CPU
		{14A73941-3E35-49A4-82C0-9803C7686FC6}.Debug|Any CPU.ActiveCfg = Debug|Any CPU
		{14A73941-3E35-49A4-82C0-9803C7686FC6}.Debug|Any CPU.Build.0 = Debug|Any CPU
		{14A73941-3E35-49A4-82C0-9803C7686FC6}.Debug|x64.ActiveCfg = Debug|Any CPU
		{14A73941-3E35-49A4-82C0-9803C7686FC6}.Debug|x64.Build.0 = Debug|Any CPU
		{14A73941-3E35-49A4-82C0-9803C7686FC6}.Debug|x86.ActiveCfg = Debug|Any CPU
		{14A73941-3E35-49A4-82C0-9803C7686FC6}.Debug|x86.Build.0 = Debug|Any CPU
		{14A73941-3E35-49A4-82C0-9803C7686FC6}.Release|Any CPU.ActiveCfg = Release|Any CPU
		{14A73941-3E35-49A4-82C0-9803C7686FC6}.Release|Any CPU.Build.0 = Release|Any CPU
		{14A73941-3E35-49A4-82C0-9803C7686FC6}.Release|x64.ActiveCfg = Release|Any CPU
		{14A73941-3E35-49A4-82C0-9803C7686FC6}.Release|x64.Build.0 = Release|Any CPU
		{14A73941-3E35-49A4-82C0-9803C7686FC6}.Release|x86.ActiveCfg = Release|Any CPU
		{14A73941-3E35-49A4-82C0-9803C7686FC6}.Release|x86.Build.0 = Release|Any CPU
	EndGlobalSection
	GlobalSection(SolutionProperties) = preSolution
		HideSolutionNode = FALSE
	EndGlobalSection
	GlobalSection(NestedProjects) = preSolution
		{2259C357-8B22-4C3D-BC0F-F198F0C26267} = {827E0CD3-B72D-47B6-A68D-7590B98EB39B}
		{3B7F1B0D-7A42-40BC-8E5C-ADADDE6E98CA} = {827E0CD3-B72D-47B6-A68D-7590B98EB39B}
		{6E7B5F69-6D81-4831-8391-414618AAA727} = {827E0CD3-B72D-47B6-A68D-7590B98EB39B}
		{14A73941-3E35-49A4-82C0-9803C7686FC6} = {827E0CD3-B72D-47B6-A68D-7590B98EB39B}
	EndGlobalSection
EndGlobal
